<?xml version="1.0" encoding="utf-8"?>
<Project ToolsVersion="4.0" xmlns="http://schemas.microsoft.com/developer/msbuild/2003">
  <ItemGroup>
    <Filter Include="源文件">
      <UniqueIdentifier>{4FC737F1-C7A5-4376-A066-2A32D752A2FF}</UniqueIdentifier>
      <Extensions>cpp;c;cc;cxx;c++;cppm;ixx;def;odl;idl;hpj;bat;asm;asmx</Extensions>
    </Filter>
    <Filter Include="头文件">
      <UniqueIdentifier>{93995380-89BD-4b04-88EB-625FBE52EBFB}</UniqueIdentifier>
      <Extensions>h;hh;hpp;hxx;h++;hm;inl;inc;ipp;xsd</Extensions>
    </Filter>
    <Filter Include="资源文件">
      <UniqueIdentifier>{67DA6AB6-F800-4c08-8B7A-83BB121AAD01}</UniqueIdentifier>
      <Extensions>rc;ico;cur;bmp;dlg;rc2;rct;bin;rgs;gif;jpg;jpeg;jpe;resx;tiff;tif;png;wav;mfcribbon-ms</Extensions>
    </Filter>
  </ItemGroup>
  <ItemGroup>
    <ClInclude Include="..\include\ashe\arch.hpp">
      <Filter>头文件</Filter>
    </ClInclude>
    <ClInclude Include="..\include\ashe\base64.hpp">
      <Filter>头文件</Filter>
    </ClInclude>
    <ClInclude Include="..\include\ashe\buffer_queue.hpp">
      <Filter>头文件</Filter>
    </ClInclude>
    <ClInclude Include="..\include\ashe\byteorder.hpp">
      <Filter>头文件</Filter>
    </ClInclude>
    <ClInclude Include="..\include\ashe\cmd_line_parse.hpp">
      <Filter>头文件</Filter>
    </ClInclude>
    <ClInclude Include="..\include\ashe\config.hpp">
      <Filter>头文件</Filter>
    </ClInclude>
    <ClInclude Include="..\include\ashe\configor.hpp">
      <Filter>头文件</Filter>
    </ClInclude>
    <ClInclude Include="..\include\ashe\crc32.hpp">
      <Filter>头文件</Filter>
    </ClInclude>
    <ClInclude Include="..\include\ashe\enum_flags.hpp">
      <Filter>头文件</Filter>
    </ClInclude>
    <ClInclude Include="..\include\ashe\event.hpp">
      <Filter>头文件</Filter>
    </ClInclude>
    <ClInclude Include="..\include\ashe\file.hpp">
      <Filter>头文件</Filter>
    </ClInclude>
    <ClInclude Include="..\include\ashe\filesystem.hpp">
      <Filter>头文件</Filter>
    </ClInclude>
    <ClInclude Include="..\include\ashe\hex_encode.hpp">
      <Filter>头文件</Filter>
    </ClInclude>
    <ClInclude Include="..\include\ashe\http_util.hpp">
      <Filter>头文件</Filter>
    </ClInclude>
    <ClInclude Include="..\include\ashe\ipaddress.hpp">
      <Filter>头文件</Filter>
    </ClInclude>
    <ClInclude Include="..\include\ashe\json.hpp">
      <Filter>头文件</Filter>
    </ClInclude>
    <ClInclude Include="..\include\ashe\macros.hpp">
      <Filter>头文件</Filter>
    </ClInclude>
    <ClInclude Include="..\include\ashe\md5.hpp">
      <Filter>头文件</Filter>
    </ClInclude>
    <ClInclude Include="..\include\ashe\memory_pool.hpp">
      <Filter>头文件</Filter>
    </ClInclude>
    <ClInclude Include="..\include\ashe\optional.hpp">
      <Filter>头文件</Filter>
    </ClInclude>
    <ClInclude Include="..\include\ashe\os_ver.hpp">
      <Filter>头文件</Filter>
    </ClInclude>
    <ClInclude Include="..\include\ashe\path_util.hpp">
      <Filter>头文件</Filter>
    </ClInclude>
    <ClInclude Include="..\include\ashe\process.hpp">
      <Filter>头文件</Filter>
    </ClInclude>
    <ClInclude Include="..\include\ashe\process_util.hpp">
      <Filter>头文件</Filter>
    </ClInclude>
    <ClInclude Include="..\include\ashe\scoped_object.hpp">
      <Filter>头文件</Filter>
    </ClInclude>
    <ClInclude Include="..\include\ashe\sha1.hpp">
      <Filter>头文件</Filter>
    </ClInclude>
    <ClInclude Include="..\include\ashe\sha256.hpp">
      <Filter>头文件</Filter>
    </ClInclude>
    <ClInclude Include="..\include\ashe\sha512.hpp">
      <Filter>头文件</Filter>
    </ClInclude>
    <ClInclude Include="..\include\ashe\singleton_class.hpp">
      <Filter>头文件</Filter>
    </ClInclude>
    <ClInclude Include="..\include\ashe\singleton_process.hpp">
      <Filter>头文件</Filter>
    </ClInclude>
    <ClInclude Include="..\include\ashe\string_encode.hpp">
      <Filter>头文件</Filter>
    </ClInclude>
    <ClInclude Include="..\include\ashe\string_helper.hpp">
      <Filter>头文件</Filter>
    </ClInclude>
    <ClInclude Include="..\include\ashe\thread.hpp">
      <Filter>头文件</Filter>
    </ClInclude>
    <ClInclude Include="..\include\ashe\thread_pool.hpp">
      <Filter>头文件</Filter>
    </ClInclude>
    <ClInclude Include="..\include\ashe\time_util.hpp">
      <Filter>头文件</Filter>
    </ClInclude>
    <ClInclude Include="..\include\ashe\timer.hpp">
      <Filter>头文件</Filter>
    </ClInclude>
    <ClInclude Include="..\include\ashe\trace.hpp">
      <Filter>头文件</Filter>
    </ClInclude>
    <ClInclude Include="..\include\ashe\url_encode.hpp">
      <Filter>头文件</Filter>
    </ClInclude>
    <ClInclude Include="..\include\ashe\uuid.hpp">
      <Filter>头文件</Filter>
    </ClInclude>
    <ClInclude Include="..\include\ashe\variant.hpp">
      <Filter>头文件</Filter>
    </ClInclude>
    <ClInclude Include="..\include\ashe\version.hpp">
      <Filter>头文件</Filter>
    </ClInclude>
    <ClInclude Include="..\include\ashe\win_criticalsection.hpp">
      <Filter>头文件</Filter>
    </ClInclude>
    <ClInclude Include="..\include\ashe\win_driver_info.hpp">
      <Filter>头文件</Filter>
    </ClInclude>
    <ClInclude Include="..\include\ashe\win_env_variable.hpp">
      <Filter>头文件</Filter>
    </ClInclude>
    <ClInclude Include="..\include\ashe\win_exception_catch.hpp">
      <Filter>头文件</Filter>
    </ClInclude>
    <ClInclude Include="..\include\ashe\win_http.hpp">
      <Filter>头文件</Filter>
    </ClInclude>
    <ClInclude Include="..\include\ashe\win_http_client.hpp">
      <Filter>头文件</Filter>
    </ClInclude>
    <ClInclude Include="..\include\ashe\win_ini.hpp">
      <Filter>头文件</Filter>
    </ClInclude>
    <ClInclude Include="..\include\ashe\win_process_finder.hpp">
      <Filter>头文件</Filter>
    </ClInclude>
    <ClInclude Include="..\include\ashe\win_registry.hpp">
      <Filter>头文件</Filter>
    </ClInclude>
    <ClInclude Include="..\include\ashe\win_schedule_task.hpp">
      <Filter>头文件</Filter>
    </ClInclude>
    <ClInclude Include="..\include\ashe\win_service_base.hpp">
      <Filter>头文件</Filter>
    </ClInclude>
    <ClInclude Include="..\include\ashe\win_service_helper.hpp">
      <Filter>头文件</Filter>
    </ClInclude>
    <ClInclude Include="..\include\ashe\win_shellink_creator.hpp">
      <Filter>头文件</Filter>
    </ClInclude>
    <ClInclude Include="..\include\ashe\win_shellink_parser.hpp">
      <Filter>头文件</Filter>
    </ClInclude>
    <ClInclude Include="..\include\ashe\win_timer.hpp">
      <Filter>头文件</Filter>
    </ClInclude>
    <ClInclude Include="..\include\ashe\win_virtual_key.hpp">
      <Filter>头文件</Filter>
    </ClInclude>
    <ClInclude Include="..\include\ashe\windows_lite.hpp">
      <Filter>头文件</Filter>
    </ClInclude>
    <ClInclude Include="..\include\ashe\xorstr.hpp">
      <Filter>头文件</Filter>
    </ClInclude>
    <ClInclude Include="..\include\ashe\impl\allow_enum_flags.hpp">
      <Filter>源文件</Filter>
    </ClInclude>
    <ClInclude Include="..\include\ashe\impl\enum_flagsfwd.hpp">
      <Filter>源文件</Filter>
    </ClInclude>
    <ClInclude Include="..\include\ashe\impl\enum_iterator.hpp">
      <Filter>源文件</Filter>
    </ClInclude>
  </ItemGroup>
  <ItemGroup>
    <None Include="..\include\ashe\config.hpp.in">
      <Filter>头文件</Filter>
    </None>
  </ItemGroup>
  <ItemGroup>
    <ClCompile Include="..\include\ashe\impl\base64.cc">
      <Filter>源文件</Filter>
    </ClCompile>
    <ClCompile Include="..\include\ashe\impl\buffer_queue.cc">
      <Filter>源文件</Filter>
    </ClCompile>
    <ClCompile Include="..\include\ashe\impl\byteorder.cc">
      <Filter>源文件</Filter>
    </ClCompile>
    <ClCompile Include="..\include\ashe\impl\cmd_line_parse.cc">
      <Filter>源文件</Filter>
    </ClCompile>
    <ClCompile Include="..\include\ashe\impl\configor.cc">
      <Filter>源文件</Filter>
    </ClCompile>
    <ClCompile Include="..\include\ashe\impl\crc32.cc">
      <Filter>源文件</Filter>
    </ClCompile>
    <ClCompile Include="..\include\ashe\impl\event.cc">
      <Filter>源文件</Filter>
    </ClCompile>
    <ClCompile Include="..\include\ashe\impl\file.cc">
      <Filter>源文件</Filter>
    </ClCompile>
    <ClCompile Include="..\include\ashe\impl\hex_encode.cc">
      <Filter>源文件</Filter>
    </ClCompile>
    <ClCompile Include="..\include\ashe\impl\http_util.cc">
      <Filter>源文件</Filter>
    </ClCompile>
    <ClCompile Include="..\include\ashe\impl\ipaddress.cc">
      <Filter>源文件</Filter>
    </ClCompile>
    <ClCompile Include="..\include\ashe\impl\md5.cc">
      <Filter>源文件</Filter>
    </ClCompile>
    <ClCompile Include="..\include\ashe\impl\path_util.cc">
      <Filter>源文件</Filter>
    </ClCompile>
    <ClCompile Include="..\include\ashe\impl\process.cc">
      <Filter>源文件</Filter>
    </ClCompile>
    <ClCompile Include="..\include\ashe\impl\process_util.cc">
      <Filter>源文件</Filter>
    </ClCompile>
    <ClCompile Include="..\include\ashe\impl\sha1.cc">
      <Filter>源文件</Filter>
    </ClCompile>
    <ClCompile Include="..\include\ashe\impl\sha256.cc">
      <Filter>源文件</Filter>
    </ClCompile>
    <ClCompile Include="..\include\ashe\impl\sha512.cc">
      <Filter>源文件</Filter>
    </ClCompile>
    <ClCompile Include="..\include\ashe\impl\singleton_process.cc">
      <Filter>源文件</Filter>
    </ClCompile>
    <ClCompile Include="..\include\ashe\impl\string_encode.cc">
      <Filter>源文件</Filter>
    </ClCompile>
    <ClCompile Include="..\include\ashe\impl\string_helper.cc">
      <Filter>源文件</Filter>
    </ClCompile>
    <ClCompile Include="..\include\ashe\impl\thread.cc">
      <Filter>源文件</Filter>
    </ClCompile>
    <ClCompile Include="..\include\ashe\impl\time_util.cc">
      <Filter>源文件</Filter>
    </ClCompile>
    <ClCompile Include="..\include\ashe\impl\timer.cc">
      <Filter>源文件</Filter>
    </ClCompile>
    <ClCompile Include="..\include\ashe\impl\trace.cc">
      <Filter>源文件</Filter>
    </ClCompile>
    <ClCompile Include="..\include\ashe\impl\url_encode.cc">
      <Filter>源文件</Filter>
    </ClCompile>
    <ClCompile Include="..\include\ashe\impl\uuid.cc">
      <Filter>源文件</Filter>
    </ClCompile>
    <ClCompile Include="..\include\ashe\impl\win_criticalsection.cc">
      <Filter>源文件</Filter>
    </ClCompile>
    <ClCompile Include="..\include\ashe\impl\win_env_variable.cc">
      <Filter>源文件</Filter>
    </ClCompile>
    <ClCompile Include="..\include\ashe\impl\win_http.cc">
      <Filter>源文件</Filter>
    </ClCompile>
    <ClCompile Include="..\include\ashe\impl\win_http_client.cc">
      <Filter>源文件</Filter>
    </ClCompile>
    <ClCompile Include="..\include\ashe\impl\win_ini.cc">
      <Filter>源文件</Filter>
    </ClCompile>
    <ClCompile Include="..\include\ashe\impl\win_process_finder.cc">
      <Filter>源文件</Filter>
    </ClCompile>
    <ClCompile Include="..\include\ashe\impl\win_registry.cc">
      <Filter>源文件</Filter>
    </ClCompile>
    <ClCompile Include="..\include\ashe\impl\win_schedule_task.cc">
      <Filter>源文件</Filter>
    </ClCompile>
    <ClCompile Include="..\include\ashe\impl\win_service_helper.cc">
      <Filter>源文件</Filter>
    </ClCompile>
    <ClCompile Include="..\include\ashe\impl\win_shellink_creator.cc">
      <Filter>源文件</Filter>
    </ClCompile>
    <ClCompile Include="..\include\ashe\impl\win_shellink_parser.cc">
      <Filter>源文件</Filter>
    </ClCompile>
    <ClCompile Include="..\include\ashe\impl\win_timer.cc">
      <Filter>源文件</Filter>
    </ClCompile>
  </ItemGroup>
</Project>